
Microsoft Visual Studio Solution File, Format Version 12.00
# Visual Studio 15
VisualStudioVersion = 15.0.26430.12
MinimumVisualStudioVersion = 10.0.40219.1
Project("{FAE04EC0-301F-11D3-BF4B-00C04F79EFBC}") = "App.Forms.Shared", "App1\App1\App.Forms.Shared.csproj", "{EA35C343-0423-4C93-BD46-3AC69BDF96A5}"
EndProject
Project("{FAE04EC0-301F-11D3-BF4B-00C04F79EFBC}") = "App1.Forms.Uwp", "App1\App1.UWP\App1.Forms.Uwp.csproj", "{FB56BEB1-05A2-4296-91D1-BAD5718150C9}"
EndProject
Project("{FAE04EC0-301F-11D3-BF4B-00C04F79EFBC}") = "Uwp App", "App2\Uwp App.csproj", "{75A18367-B5C8-4840-A2A5-D8A57BB5D6B4}"
EndProject
Global
	GlobalSection(SolutionConfigurationPlatforms) = preSolution
		Debug|Any CPU = Debug|Any CPU
		Debug|ARM = Debug|ARM
		Debug|iPhone = Debug|iPhone
		Debug|iPhoneSimulator = Debug|iPhoneSimulator
		Debug|x64 = Debug|x64
		Debug|x86 = Debug|x86
		Release|Any CPU = Release|Any CPU
		Release|ARM = Release|ARM
		Release|iPhone = Release|iPhone
		Release|iPhoneSimulator = Release|iPhoneSimulator
		Release|x64 = Release|x64
		Release|x86 = Release|x86
	EndGlobalSection
	GlobalSection(ProjectConfigurationPlatforms) = postSolution
		{EA35C343-0423-4C93-BD46-3AC69BDF96A5}.Debug|Any CPU.ActiveCfg = Debug|Any CPU
		{EA35C343-0423-4C93-BD46-3AC69BDF96A5}.Debug|Any CPU.Build.0 = Debug|Any CPU
		{EA35C343-0423-4C93-BD46-3AC69BDF96A5}.Debug|ARM.ActiveCfg = Debug|Any CPU
		{EA35C343-0423-4C93-BD46-3AC69BDF96A5}.Debug|ARM.Build.0 = Debug|Any CPU
		{EA35C343-0423-4C93-BD46-3AC69BDF96A5}.Debug|iPhone.ActiveCfg = Debug|Any CPU
		{EA35C343-0423-4C93-BD46-3AC69BDF96A5}.Debug|iPhone.Build.0 = Debug|Any CPU
		{EA35C343-0423-4C93-BD46-3AC69BDF96A5}.Debug|iPhoneSimulator.ActiveCfg = Debug|Any CPU
		{EA35C343-0423-4C93-BD46-3AC69BDF96A5}.Debug|iPhoneSimulator.Build.0 = Debug|Any CPU
		{EA35C343-0423-4C93-BD46-3AC69BDF96A5}.Debug|x64.ActiveCfg = Debug|Any CPU
		{EA35C343-0423-4C93-BD46-3AC69BDF96A5}.Debug|x64.Build.0 = Debug|Any CPU
		{EA35C343-0423-4C93-BD46-3AC69BDF96A5}.Debug|x86.ActiveCfg = Debug|Any CPU
		{EA35C343-0423-4C93-BD46-3AC69BDF96A5}.Debug|x86.Build.0 = Debug|Any CPU
		{EA35C343-0423-4C93-BD46-3AC69BDF96A5}.Release|Any CPU.ActiveCfg = Release|Any CPU
		{EA35C343-0423-4C93-BD46-3AC69BDF96A5}.Release|Any CPU.Build.0 = Release|Any CPU
		{EA35C343-0423-4C93-BD46-3AC69BDF96A5}.Release|ARM.ActiveCfg = Release|Any CPU
		{EA35C343-0423-4C93-BD46-3AC69BDF96A5}.Release|ARM.Build.0 = Release|Any CPU
		{EA35C343-0423-4C93-BD46-3AC69BDF96A5}.Release|iPhone.ActiveCfg = Release|Any CPU
		{EA35C343-0423-4C93-BD46-3AC69BDF96A5}.Release|iPhone.Build.0 = Release|Any CPU
		{EA35C343-0423-4C93-BD46-3AC69BDF96A5}.Release|iPhoneSimulator.ActiveCfg = Release|Any CPU
		{EA35C343-0423-4C93-BD46-3AC69BDF96A5}.Release|iPhoneSimulator.Build.0 = Release|Any CPU
		{EA35C343-0423-4C93-BD46-3AC69BDF96A5}.Release|x64.ActiveCfg = Release|Any CPU
		{EA35C343-0423-4C93-BD46-3AC69BDF96A5}.Release|x64.Build.0 = Release|Any CPU
		{EA35C343-0423-4C93-BD46-3AC69BDF96A5}.Release|x86.ActiveCfg = Release|Any CPU
		{EA35C343-0423-4C93-BD46-3AC69BDF96A5}.Release|x86.Build.0 = Release|Any CPU
		{FB56BEB1-05A2-4296-91D1-BAD5718150C9}.Debug|Any CPU.ActiveCfg = Debug|x86
		{FB56BEB1-05A2-4296-91D1-BAD5718150C9}.Debug|ARM.ActiveCfg = Debug|ARM
		{FB56BEB1-05A2-4296-91D1-BAD5718150C9}.Debug|ARM.Build.0 = Debug|ARM
		{FB56BEB1-05A2-4296-91D1-BAD5718150C9}.Debug|ARM.Deploy.0 = Debug|ARM
		{FB56BEB1-05A2-4296-91D1-BAD5718150C9}.Debug|iPhone.ActiveCfg = Debug|x86
		{FB56BEB1-05A2-4296-91D1-BAD5718150C9}.Debug|iPhoneSimulator.ActiveCfg = Debug|x86
		{FB56BEB1-05A2-4296-91D1-BAD5718150C9}.Debug|x64.ActiveCfg = Debug|x64
		{FB56BEB1-05A2-4296-91D1-BAD5718150C9}.Debug|x64.Build.0 = Debug|x64
		{FB56BEB1-05A2-4296-91D1-BAD5718150C9}.Debug|x64.Deploy.0 = Debug|x64
		{FB56BEB1-05A2-4296-91D1-BAD5718150C9}.Debug|x86.ActiveCfg = Debug|x86
		{FB56BEB1-05A2-4296-91D1-BAD5718150C9}.Debug|x86.Build.0 = Debug|x86
		{FB56BEB1-05A2-4296-91D1-BAD5718150C9}.Debug|x86.Deploy.0 = Debug|x86
		{FB56BEB1-05A2-4296-91D1-BAD5718150C9}.Release|Any CPU.ActiveCfg = Release|x86
		{FB56BEB1-05A2-4296-91D1-BAD5718150C9}.Release|ARM.ActiveCfg = Release|ARM
		{FB56BEB1-05A2-4296-91D1-BAD5718150C9}.Release|ARM.Build.0 = Release|ARM
		{FB56BEB1-05A2-4296-91D1-BAD5718150C9}.Release|ARM.Deploy.0 = Release|ARM
		{FB56BEB1-05A2-4296-91D1-BAD5718150C9}.Release|iPhone.ActiveCfg = Release|x86
		{FB56BEB1-05A2-4296-91D1-BAD5718150C9}.Release|iPhoneSimulator.ActiveCfg = Release|x86
		{FB56BEB1-05A2-4296-91D1-BAD5718150C9}.Release|x64.ActiveCfg = Release|x64
		{FB56BEB1-05A2-4296-91D1-BAD5718150C9}.Release|x64.Build.0 = Release|x64
		{FB56BEB1-05A2-4296-91D1-BAD5718150C9}.Release|x64.Deploy.0 = Release|x64
		{FB56BEB1-05A2-4296-91D1-BAD5718150C9}.Release|x86.ActiveCfg = Release|x86
		{FB56BEB1-05A2-4296-91D1-BAD5718150C9}.Release|x86.Build.0 = Release|x86
		{FB56BEB1-05A2-4296-91D1-BAD5718150C9}.Release|x86.Deploy.0 = Release|x86
		{75A18367-B5C8-4840-A2A5-D8A57BB5D6B4}.Debug|Any CPU.ActiveCfg = Debug|x86
		{75A18367-B5C8-4840-A2A5-D8A57BB5D6B4}.Debug|ARM.ActiveCfg = Debug|ARM
		{75A18367-B5C8-4840-A2A5-D8A57BB5D6B4}.Debug|ARM.Build.0 = Debug|ARM
		{75A18367-B5C8-4840-A2A5-D8A57BB5D6B4}.Debug|ARM.Deploy.0 = Debug|ARM
		{75A18367-B5C8-4840-A2A5-D8A57BB5D6B4}.Debug|iPhone.ActiveCfg = Debug|x86
		{75A18367-B5C8-4840-A2A5-D8A57BB5D6B4}.Debug|iPhoneSimulator.ActiveCfg = Debug|x86
		{75A18367-B5C8-4840-A2A5-D8A57BB5D6B4}.Debug|x64.ActiveCfg = Debug|x64
		{75A18367-B5C8-4840-A2A5-D8A57BB5D6B4}.Debug|x64.Build.0 = Debug|x64
		{75A18367-B5C8-4840-A2A5-D8A57BB5D6B4}.Debug|x64.Deploy.0 = Debug|x64
		{75A18367-B5C8-4840-A2A5-D8A57BB5D6B4}.Debug|x86.ActiveCfg = Debug|x86
		{75A18367-B5C8-4840-A2A5-D8A57BB5D6B4}.Debug|x86.Build.0 = Debug|x86
		{75A18367-B5C8-4840-A2A5-D8A57BB5D6B4}.Debug|x86.Deploy.0 = Debug|x86
		{75A18367-B5C8-4840-A2A5-D8A57BB5D6B4}.Release|Any CPU.ActiveCfg = Release|x86
		{75A18367-B5C8-4840-A2A5-D8A57BB5D6B4}.Release|ARM.ActiveCfg = Release|ARM
		{75A18367-B5C8-4840-A2A5-D8A57BB5D6B4}.Release|ARM.Build.0 = Release|ARM
		{75A18367-B5C8-4840-A2A5-D8A57BB5D6B4}.Release|ARM.Deploy.0 = Release|ARM
		{75A18367-B5C8-4840-A2A5-D8A57BB5D6B4}.Release|iPhone.ActiveCfg = Release|x86
		{75A18367-B5C8-4840-A2A5-D8A57BB5D6B4}.Release|iPhoneSimulator.ActiveCfg = Release|x86
		{75A18367-B5C8-4840-A2A5-D8A57BB5D6B4}.Release|x64.ActiveCfg = Release|x64
		{75A18367-B5C8-4840-A2A5-D8A57BB5D6B4}.Release|x64.Build.0 = Release|x64
		{75A18367-B5C8-4840-A2A5-D8A57BB5D6B4}.Release|x64.Deploy.0 = Release|x64
		{75A18367-B5C8-4840-A2A5-D8A57BB5D6B4}.Release|x86.ActiveCfg = Release|x86
		{75A18367-B5C8-4840-A2A5-D8A57BB5D6B4}.Release|x86.Build.0 = Release|x86
		{75A18367-B5C8-4840-A2A5-D8A57BB5D6B4}.Release|x86.Deploy.0 = Release|x86
	EndGlobalSection
	GlobalSection(SolutionProperties) = preSolution
		HideSolutionNode = FALSE
	EndGlobalSection
EndGlobal
